
Microsoft Visual Studio Solution File, Format Version 12.00
# Visual Studio Version 16
VisualStudioVersion = 16.0.30114.105
MinimumVisualStudioVersion = 10.0.40219.1
Project("{8BC9CEB8-8B4A-11D0-8D11-00A0C91BC942}") = "Cpp-Quick-Start", "Cpp-Quick-Start\Cpp-Quick-Start.vcxproj", "{98D453F7-F2C2-4572-9643-D9EC4E08B39F}"
EndProject
Global
	GlobalSection(SolutionConfigurationPlatforms) = preSolution
		Debug|x64 = Debug|x64
		Debug|x86 = Debug|x86
		Release|x64 = Release|x64
		Release|x86 = Release|x86
	EndGlobalSection
	GlobalSection(ProjectConfigurationPlatforms) = postSolution
		{98D453F7-F2C2-4572-9643-D9EC4E08B39F}.Debug|x64.ActiveCfg = Debug|x64
		{98D453F7-F2C2-4572-9643-D9EC4E08B39F}.Debug|x64.Build.0 = Debug|x64
		{98D453F7-F2C2-4572-9643-D9EC4E08B39F}.Debug|x86.ActiveCfg = Debug|Win32
		{98D453F7-F2C2-4572-9643-D9EC4E08B39F}.Debug|x86.Build.0 = Debug|Win32
		{98D453F7-F2C2-4572-9643-D9EC4E08B39F}.Release|x64.ActiveCfg = Release|x64
		{98D453F7-F2C2-4572-9643-D9EC4E08B39F}.Release|x64.Build.0 = Release|x64
		{98D453F7-F2C2-4572-9643-D9EC4E08B39F}.Release|x86.ActiveCfg = Release|Win32
		{98D453F7-F2C2-4572-9643-D9EC4E08B39F}.Release|x86.Build.0 = Release|Win32
	EndGlobalSection
	GlobalSection(SolutionProperties) = preSolution
		HideSolutionNode = FALSE
	EndGlobalSection
	GlobalSection(ExtensibilityGlobals) = postSolution
		SolutionGuid = {587FA678-B207-44CE-AC77-C0AAC800D86F}
	EndGlobalSection
EndGlobal
